// !$*UTF8*$!
{
	archiveVersion = 1;
	classes = {
	};
	objectVersion = 55;
	objects = {

/* Begin PBXBuildFile section */
		9F0658FE274BDD020069DE10 /* ForumControllerVC1.swift in Sources */ = {isa = PBXBuildFile; fileRef = 9F0658FD274BDD020069DE10 /* ForumControllerVC1.swift */; };
		9F065900274BDD8A0069DE10 /* ForumController.swift in Sources */ = {isa = PBXBuildFile; fileRef = 9F0658FF274BDD8A0069DE10 /* ForumController.swift */; };
		9F065902274BED920069DE10 /* AddPostController.swift in Sources */ = {isa = PBXBuildFile; fileRef = 9F065901274BED920069DE10 /* AddPostController.swift */; };
		9F065904274C1FCF0069DE10 /* PostPageController.swift in Sources */ = {isa = PBXBuildFile; fileRef = 9F065903274C1FCF0069DE10 /* PostPageController.swift */; };
		9F240D4F2732C32E0047F8FC /* TextFieldModel.swift in Sources */ = {isa = PBXBuildFile; fileRef = 9F240D4E2732C32E0047F8FC /* TextFieldModel.swift */; };
		9F2C8B4C2748D0B90054AC7F /* StoreControllerVC1.swift in Sources */ = {isa = PBXBuildFile; fileRef = 9F2C8B4B2748D0B90054AC7F /* StoreControllerVC1.swift */; };
		9F47EE6227097E250036FD11 /* AppDelegate.swift in Sources */ = {isa = PBXBuildFile; fileRef = 9F47EE6127097E250036FD11 /* AppDelegate.swift */; };
		9F47EE6427097E250036FD11 /* SceneDelegate.swift in Sources */ = {isa = PBXBuildFile; fileRef = 9F47EE6327097E250036FD11 /* SceneDelegate.swift */; };
		9F47EE6627097E250036FD11 /* ViewController.swift in Sources */ = {isa = PBXBuildFile; fileRef = 9F47EE6527097E250036FD11 /* ViewController.swift */; };
		9F47EE6927097E250036FD11 /* Main.storyboard in Resources */ = {isa = PBXBuildFile; fileRef = 9F47EE6727097E250036FD11 /* Main.storyboard */; };
		9F47EE6B27097E270036FD11 /* Assets.xcassets in Resources */ = {isa = PBXBuildFile; fileRef = 9F47EE6A27097E270036FD11 /* Assets.xcassets */; };
		9F47EE6E27097E270036FD11 /* LaunchScreen.storyboard in Resources */ = {isa = PBXBuildFile; fileRef = 9F47EE6C27097E270036FD11 /* LaunchScreen.storyboard */; };
		9FAAA942274B6F8800934631 /* StorePageController.swift in Sources */ = {isa = PBXBuildFile; fileRef = 9FAAA941274B6F8800934631 /* StorePageController.swift */; };
		9FDD59DC27145D56004CF522 /* LoginButtonVC1.swift in Sources */ = {isa = PBXBuildFile; fileRef = 9FDD59DB27145D56004CF522 /* LoginButtonVC1.swift */; };
		9FDD59DE27152E0E004CF522 /* LoginButtonVC2.swift in Sources */ = {isa = PBXBuildFile; fileRef = 9FDD59DD27152E0E004CF522 /* LoginButtonVC2.swift */; };
		9FECB27D27098913001BCDA6 /* LoginController.swift in Sources */ = {isa = PBXBuildFile; fileRef = 9FECB27C27098913001BCDA6 /* LoginController.swift */; };
/* End PBXBuildFile section */

/* Begin PBXFileReference section */
		9F0658FD274BDD020069DE10 /* ForumControllerVC1.swift */ = {isa = PBXFileReference; lastKnownFileType = sourcecode.swift; path = ForumControllerVC1.swift; sourceTree = "<group>"; };
		9F0658FF274BDD8A0069DE10 /* ForumController.swift */ = {isa = PBXFileReference; lastKnownFileType = sourcecode.swift; path = ForumController.swift; sourceTree = "<group>"; };
		9F065901274BED920069DE10 /* AddPostController.swift */ = {isa = PBXFileReference; lastKnownFileType = sourcecode.swift; path = AddPostController.swift; sourceTree = "<group>"; };
		9F065903274C1FCF0069DE10 /* PostPageController.swift */ = {isa = PBXFileReference; lastKnownFileType = sourcecode.swift; path = PostPageController.swift; sourceTree = "<group>"; };
		9F240D4E2732C32E0047F8FC /* TextFieldModel.swift */ = {isa = PBXFileReference; lastKnownFileType = sourcecode.swift; path = TextFieldModel.swift; sourceTree = "<group>"; };
		9F2C8B4B2748D0B90054AC7F /* StoreControllerVC1.swift */ = {isa = PBXFileReference; lastKnownFileType = sourcecode.swift; path = StoreControllerVC1.swift; sourceTree = "<group>"; };
		9F47EE5E27097E250036FD11 /* asialife.app */ = {isa = PBXFileReference; explicitFileType = wrapper.application; includeInIndex = 0; path = asialife.app; sourceTree = BUILT_PRODUCTS_DIR; };
		9F47EE6127097E250036FD11 /* AppDelegate.swift */ = {isa = PBXFileReference; lastKnownFileType = sourcecode.swift; path = AppDelegate.swift; sourceTree = "<group>"; };
		9F47EE6327097E250036FD11 /* SceneDelegate.swift */ = {isa = PBXFileReference; lastKnownFileType = sourcecode.swift; path = SceneDelegate.swift; sourceTree = "<group>"; };
		9F47EE6527097E250036FD11 /* ViewController.swift */ = {isa = PBXFileReference; lastKnownFileType = sourcecode.swift; path = ViewController.swift; sourceTree = "<group>"; };
		9F47EE6827097E250036FD11 /* Base */ = {isa = PBXFileReference; lastKnownFileType = file.storyboard; name = Base; path = Base.lproj/Main.storyboard; sourceTree = "<group>"; };
		9F47EE6A27097E270036FD11 /* Assets.xcassets */ = {isa = PBXFileReference; lastKnownFileType = folder.assetcatalog; path = Assets.xcassets; sourceTree = "<group>"; };
		9F47EE6D27097E270036FD11 /* Base */ = {isa = PBXFileReference; lastKnownFileType = file.storyboard; name = Base; path = Base.lproj/LaunchScreen.storyboard; sourceTree = "<group>"; };
		9F47EE6F27097E270036FD11 /* Info.plist */ = {isa = PBXFileReference; lastKnownFileType = text.plist.xml; path = Info.plist; sourceTree = "<group>"; };
		9FAAA941274B6F8800934631 /* StorePageController.swift */ = {isa = PBXFileReference; lastKnownFileType = sourcecode.swift; path = StorePageController.swift; sourceTree = "<group>"; };
		9FDD59DB27145D56004CF522 /* LoginButtonVC1.swift */ = {isa = PBXFileReference; lastKnownFileType = sourcecode.swift; path = LoginButtonVC1.swift; sourceTree = "<group>"; };
		9FDD59DD27152E0E004CF522 /* LoginButtonVC2.swift */ = {isa = PBXFileReference; lastKnownFileType = sourcecode.swift; path = LoginButtonVC2.swift; sourceTree = "<group>"; };
		9FECB27C27098913001BCDA6 /* LoginController.swift */ = {isa = PBXFileReference; lastKnownFileType = sourcecode.swift; path = LoginController.swift; sourceTree = "<group>"; };
/* End PBXFileReference section */

/* Begin PBXFrameworksBuildPhase section */
		9F47EE5B27097E250036FD11 /* Frameworks */ = {
			isa = PBXFrameworksBuildPhase;
			buildActionMask = 2147483647;
			files = (
			);
			runOnlyForDeploymentPostprocessing = 0;
		};
/* End PBXFrameworksBuildPhase section */

/* Begin PBXGroup section */
		9F47EE5527097E250036FD11 = {
			isa = PBXGroup;
			children = (
				9F47EE6027097E250036FD11 /* asialife */,
				9F47EE5F27097E250036FD11 /* Products */,
			);
			sourceTree = "<group>";
		};
		9F47EE5F27097E250036FD11 /* Products */ = {
			isa = PBXGroup;
			children = (
				9F47EE5E27097E250036FD11 /* asialife.app */,
			);
			name = Products;
			sourceTree = "<group>";
		};
		9F47EE6027097E250036FD11 /* asialife */ = {
			isa = PBXGroup;
			children = (
				9F531CD327203723004A144F /* Modal */,
				9FDD59DB27145D56004CF522 /* LoginButtonVC1.swift */,
				9F0658FF274BDD8A0069DE10 /* ForumController.swift */,
				9F47EE6127097E250036FD11 /* AppDelegate.swift */,
				9F2C8B4B2748D0B90054AC7F /* StoreControllerVC1.swift */,
				9F47EE6327097E250036FD11 /* SceneDelegate.swift */,
				9FDD59DD27152E0E004CF522 /* LoginButtonVC2.swift */,
				9F47EE6527097E250036FD11 /* ViewController.swift */,
				9FECB27C27098913001BCDA6 /* LoginController.swift */,
				9FAAA941274B6F8800934631 /* StorePageController.swift */,
				9F0658FD274BDD020069DE10 /* ForumControllerVC1.swift */,
				9F065901274BED920069DE10 /* AddPostController.swift */,
				9F065903274C1FCF0069DE10 /* PostPageController.swift */,
				9FDD59D8271456AF004CF522 /* Views */,
				9F47EE6A27097E270036FD11 /* Assets.xcassets */,
				9F47EE6C27097E270036FD11 /* LaunchScreen.storyboard */,
				9F47EE6F27097E270036FD11 /* Info.plist */,
			);
			path = asialife;
			sourceTree = "<group>";
		};
		9F531CD327203723004A144F /* Modal */ = {
			isa = PBXGroup;
			children = (
				9F240D4E2732C32E0047F8FC /* TextFieldModel.swift */,
			);
			path = Modal;
			sourceTree = "<group>";
		};
		9FDD59D8271456AF004CF522 /* Views */ = {
			isa = PBXGroup;
			children = (
				9F47EE6727097E250036FD11 /* Main.storyboard */,
			);
			path = Views;
			sourceTree = "<group>";
		};
/* End PBXGroup section */

/* Begin PBXNativeTarget section */
		9F47EE5D27097E250036FD11 /* asialife */ = {
			isa = PBXNativeTarget;
			buildConfigurationList = 9F47EE7227097E270036FD11 /* Build configuration list for PBXNativeTarget "asialife" */;
			buildPhases = (
				9F47EE5A27097E250036FD11 /* Sources */,
				9F47EE5B27097E250036FD11 /* Frameworks */,
				9F47EE5C27097E250036FD11 /* Resources */,
			);
			buildRules = (
			);
			dependencies = (
			);
			name = asialife;
			productName = asialife;
			productReference = 9F47EE5E27097E250036FD11 /* asialife.app */;
			productType = "com.apple.product-type.application";
		};
/* End PBXNativeTarget section */

/* Begin PBXProject section */
		9F47EE5627097E250036FD11 /* Project object */ = {
			isa = PBXProject;
			attributes = {
				BuildIndependentTargetsInParallel = 1;
				LastSwiftUpdateCheck = 1300;
				LastUpgradeCheck = 1300;
				TargetAttributes = {
					9F47EE5D27097E250036FD11 = {
						CreatedOnToolsVersion = 13.0;
					};
				};
			};
			buildConfigurationList = 9F47EE5927097E250036FD11 /* Build configuration list for PBXProject "asialife" */;
			compatibilityVersion = "Xcode 13.0";
			developmentRegion = en;
			hasScannedForEncodings = 0;
			knownRegions = (
				en,
				Base,
			);
			mainGroup = 9F47EE5527097E250036FD11;
			productRefGroup = 9F47EE5F27097E250036FD11 /* Products */;
			projectDirPath = "";
			projectRoot = "";
			targets = (
				9F47EE5D27097E250036FD11 /* asialife */,
			);
		};
/* End PBXProject section */

/* Begin PBXResourcesBuildPhase section */
		9F47EE5C27097E250036FD11 /* Resources */ = {
			isa = PBXResourcesBuildPhase;
			buildActionMask = 2147483647;
			files = (
				9F47EE6E27097E270036FD11 /* LaunchScreen.storyboard in Resources */,
				9F47EE6B27097E270036FD11 /* Assets.xcassets in Resources */,
				9F47EE6927097E250036FD11 /* Main.storyboard in Resources */,
			);
			runOnlyForDeploymentPostprocessing = 0;
		};
/* End PBXResourcesBuildPhase section */

/* Begin PBXSourcesBuildPhase section */
		9F47EE5A27097E250036FD11 /* Sources */ = {
			isa = PBXSourcesBuildPhase;
			buildActionMask = 2147483647;
			files = (
				9FDD59DC27145D56004CF522 /* LoginButtonVC1.swift in Sources */,
				9F065902274BED920069DE10 /* AddPostController.swift in Sources */,
				9F2C8B4C2748D0B90054AC7F /* StoreControllerVC1.swift in Sources */,
				9F47EE6627097E250036FD11 /* ViewController.swift in Sources */,
				9FECB27D27098913001BCDA6 /* LoginController.swift in Sources */,
				9F47EE6227097E250036FD11 /* AppDelegate.swift in Sources */,
				9F065900274BDD8A0069DE10 /* ForumController.swift in Sources */,
				9F47EE6427097E250036FD11 /* SceneDelegate.swift in Sources */,
				9FDD59DE27152E0E004CF522 /* LoginButtonVC2.swift in Sources */,
				9F065904274C1FCF0069DE10 /* PostPageController.swift in Sources */,
				9F240D4F2732C32E0047F8FC /* TextFieldModel.swift in Sources */,
				9F0658FE274BDD020069DE10 /* ForumControllerVC1.swift in Sources */,
				9FAAA942274B6F8800934631 /* StorePageController.swift in Sources */,
			);
			runOnlyForDeploymentPostprocessing = 0;
		};
/* End PBXSourcesBuildPhase section */

/* Begin PBXVariantGroup section */
		9F47EE6727097E250036FD11 /* Main.storyboard */ = {
			isa = PBXVariantGroup;
			children = (
				9F47EE6827097E250036FD11 /* Base */,
			);
			name = Main.storyboard;
			sourceTree = "<group>";
		};
		9F47EE6C27097E270036FD11 /* LaunchScreen.storyboard */ = {
			isa = PBXVariantGroup;
			children = (
				9F47EE6D27097E270036FD11 /* Base */,
			);
			name = LaunchScreen.storyboard;
			sourceTree = "<group>";
		};
/* End PBXVariantGroup section */

/* Begin XCBuildConfiguration section */
		9F47EE7027097E270036FD11 /* Debug */ = {
			isa = XCBuildConfiguration;
			buildSettings = {
				ALWAYS_SEARCH_USER_PATHS = NO;
				CLANG_ANALYZER_NONNULL = YES;
				CLANG_ANALYZER_NUMBER_OBJECT_CONVERSION = YES_AGGRESSIVE;
				CLANG_CXX_LANGUAGE_STANDARD = "gnu++17";
				CLANG_CXX_LIBRARY = "libc++";
				CLANG_ENABLE_MODULES = YES;
				CLANG_ENABLE_OBJC_ARC = YES;
				CLANG_ENABLE_OBJC_WEAK = YES;
				CLANG_WARN_BLOCK_CAPTURE_AUTORELEASING = YES;
				CLANG_WARN_BOOL_CONVERSION = YES;
				CLANG_WARN_COMMA = YES;
				CLANG_WARN_CONSTANT_CONVERSION = YES;
				CLANG_WARN_DEPRECATED_OBJC_IMPLEMENTATIONS = YES;
				CLANG_WARN_DIRECT_OBJC_ISA_USAGE = YES_ERROR;
				CLANG_WARN_DOCUMENTATION_COMMENTS = YES;
				CLANG_WARN_EMPTY_BODY = YES;
				CLANG_WARN_ENUM_CONVERSION = YES;
				CLANG_WARN_INFINITE_RECURSION = YES;
				CLANG_WARN_INT_CONVERSION = YES;
				CLANG_WARN_NON_LITERAL_NULL_CONVERSION = YES;
				CLANG_WARN_OBJC_IMPLICIT_RETAIN_SELF = YES;
				CLANG_WARN_OBJC_LITERAL_CONVERSION = YES;
				CLANG_WARN_OBJC_ROOT_CLASS = YES_ERROR;
				CLANG_WARN_QUOTED_INCLUDE_IN_FRAMEWORK_HEADER = YES;
				CLANG_WARN_RANGE_LOOP_ANALYSIS = YES;
				CLANG_WARN_STRICT_PROTOTYPES = YES;
				CLANG_WARN_SUSPICIOUS_MOVE = YES;
				CLANG_WARN_UNGUARDED_AVAILABILITY = YES_AGGRESSIVE;
				CLANG_WARN_UNREACHABLE_CODE = YES;
				CLANG_WARN__DUPLICATE_METHOD_MATCH = YES;
				COPY_PHASE_STRIP = NO;
				DEBUG_INFORMATION_FORMAT = dwarf;
				ENABLE_STRICT_OBJC_MSGSEND = YES;
				ENABLE_TESTABILITY = YES;
				GCC_C_LANGUAGE_STANDARD = gnu11;
				GCC_DYNAMIC_NO_PIC = NO;
				GCC_NO_COMMON_BLOCKS = YES;
				GCC_OPTIMIZATION_LEVEL = 0;
				GCC_PREPROCESSOR_DEFINITIONS = (
					"DEBUG=1",
					"$(inherited)",
				);
				GCC_WARN_64_TO_32_BIT_CONVERSION = YES;
				GCC_WARN_ABOUT_RETURN_TYPE = YES_ERROR;
				GCC_WARN_UNDECLARED_SELECTOR = YES;
				GCC_WARN_UNINITIALIZED_AUTOS = YES_AGGRESSIVE;
				GCC_WARN_UNUSED_FUNCTION = YES;
				GCC_WARN_UNUSED_VARIABLE = YES;
				IPHONEOS_DEPLOYMENT_TARGET = 15.0;
				MTL_ENABLE_DEBUG_INFO = INCLUDE_SOURCE;
				MTL_FAST_MATH = YES;
				ONLY_ACTIVE_ARCH = YES;
				SDKROOT = iphoneos;
				SWIFT_ACTIVE_COMPILATION_CONDITIONS = DEBUG;
				SWIFT_OPTIMIZATION_LEVEL = "-Onone";
			};
			name = Debug;
		};
		9F47EE7127097E270036FD11 /* Release */ = {
			isa = XCBuildConfiguration;
			buildSettings = {
				ALWAYS_SEARCH_USER_PATHS = NO;
				CLANG_ANALYZER_NONNULL = YES;
				CLANG_ANALYZER_NUMBER_OBJECT_CONVERSION = YES_AGGRESSIVE;
				CLANG_CXX_LANGUAGE_STANDARD = "gnu++17";
				CLANG_CXX_LIBRARY = "libc++";
				CLANG_ENABLE_MODULES = YES;
				CLANG_ENABLE_OBJC_ARC = YES;
				CLANG_ENABLE_OBJC_WEAK = YES;
				CLANG_WARN_BLOCK_CAPTURE_AUTORELEASING = YES;
				CLANG_WARN_BOOL_CONVERSION = YES;
				CLANG_WARN_COMMA = YES;
				CLANG_WARN_CONSTANT_CONVERSION = YES;
				CLANG_WARN_DEPRECATED_OBJC_IMPLEMENTATIONS = YES;
				CLANG_WARN_DIRECT_OBJC_ISA_USAGE = YES_ERROR;
				CLANG_WARN_DOCUMENTATION_COMMENTS = YES;
				CLANG_WARN_EMPTY_BODY = YES;
				CLANG_WARN_ENUM_CONVERSION = YES;
				CLANG_WARN_INFINITE_RECURSION = YES;
				CLANG_WARN_INT_CONVERSION = YES;
				CLANG_WARN_NON_LITERAL_NULL_CONVERSION = YES;
				CLANG_WARN_OBJC_IMPLICIT_RETAIN_SELF = YES;
				CLANG_WARN_OBJC_LITERAL_CONVERSION = YES;
				CLANG_WARN_OBJC_ROOT_CLASS = YES_ERROR;
				CLANG_WARN_QUOTED_INCLUDE_IN_FRAMEWORK_HEADER = YES;
				CLANG_WARN_RANGE_LOOP_ANALYSIS = YES;
				CLANG_WARN_STRICT_PROTOTYPES = YES;
				CLANG_WARN_SUSPICIOUS_MOVE = YES;
				CLANG_WARN_UNGUARDED_AVAILABILITY = YES_AGGRESSIVE;
				CLANG_WARN_UNREACHABLE_CODE = YES;
				CLANG_WARN__DUPLICATE_METHOD_MATCH = YES;
				COPY_PHASE_STRIP = NO;
				DEBUG_INFORMATION_FORMAT = "dwarf-with-dsym";
				ENABLE_NS_ASSERTIONS = NO;
				ENABLE_STRICT_OBJC_MSGSEND = YES;
				GCC_C_LANGUAGE_STANDARD = gnu11;
				GCC_NO_COMMON_BLOCKS = YES;
				GCC_WARN_64_TO_32_BIT_CONVERSION = YES;
				GCC_WARN_ABOUT_RETURN_TYPE = YES_ERROR;
				GCC_WARN_UNDECLARED_SELECTOR = YES;
				GCC_WARN_UNINITIALIZED_AUTOS = YES_AGGRESSIVE;
				GCC_WARN_UNUSED_FUNCTION = YES;
				GCC_WARN_UNUSED_VARIABLE = YES;
				IPHONEOS_DEPLOYMENT_TARGET = 15.0;
				MTL_ENABLE_DEBUG_INFO = NO;
				MTL_FAST_MATH = YES;
				SDKROOT = iphoneos;
				SWIFT_COMPILATION_MODE = wholemodule;
				SWIFT_OPTIMIZATION_LEVEL = "-O";
				VALIDATE_PRODUCT = YES;
			};
			name = Release;
		};
		9F47EE7327097E270036FD11 /* Debug */ = {
			isa = XCBuildConfiguration;
			buildSettings = {
				ASSETCATALOG_COMPILER_APPICON_NAME = AppIcon;
				ASSETCATALOG_COMPILER_GLOBAL_ACCENT_COLOR_NAME = AccentColor;
				CODE_SIGN_STYLE = Automatic;
				CURRENT_PROJECT_VERSION = 1;
				DEVELOPMENT_TEAM = Y2NW3BTJ4G;
				GENERATE_INFOPLIST_FILE = YES;
				INFOPLIST_FILE = asialife/Info.plist;
				INFOPLIST_KEY_UIApplicationSupportsIndirectInputEvents = YES;
				INFOPLIST_KEY_UILaunchStoryboardName = LaunchScreen;
				INFOPLIST_KEY_UIMainStoryboardFile = Main;
				INFOPLIST_KEY_UISupportedInterfaceOrientations_iPad = "UIInterfaceOrientationPortrait UIInterfaceOrientationPortraitUpsideDown UIInterfaceOrientationLandscapeLeft UIInterfaceOrientationLandscapeRight";
				INFOPLIST_KEY_UISupportedInterfaceOrientations_iPhone = "UIInterfaceOrientationPortrait UIInterfaceOrientationLandscapeLeft UIInterfaceOrientationLandscapeRight";
				LD_RUNPATH_SEARCH_PATHS = (
					"$(inherited)",
					"@executable_path/Frameworks",
				);
				MARKETING_VERSION = 1.0;
				PRODUCT_BUNDLE_IDENTIFIER = com.rayy.asialife;
				PRODUCT_NAME = "$(TARGET_NAME)";
				SWIFT_EMIT_LOC_STRINGS = YES;
				SWIFT_VERSION = 5.0;
				TARGETED_DEVICE_FAMILY = "1,2";
			};
			name = Debug;
		};
		9F47EE7427097E270036FD11 /* Release */ = {
			isa = XCBuildConfiguration;
			buildSettings = {
				ASSETCATALOG_COMPILER_APPICON_NAME = AppIcon;
				ASSETCATALOG_COMPILER_GLOBAL_ACCENT_COLOR_NAME = AccentColor;
				CODE_SIGN_STYLE = Automatic;
				CURRENT_PROJECT_VERSION = 1;
				DEVELOPMENT_TEAM = Y2NW3BTJ4G;
				GENERATE_INFOPLIST_FILE = YES;
				INFOPLIST_FILE = asialife/Info.plist;
				INFOPLIST_KEY_UIApplicationSupportsIndirectInputEvents = YES;
				INFOPLIST_KEY_UILaunchStoryboardName = LaunchScreen;
				INFOPLIST_KEY_UIMainStoryboardFile = Main;
				INFOPLIST_KEY_UISupportedInterfaceOrientations_iPad = "UIInterfaceOrientationPortrait UIInterfaceOrientationPortraitUpsideDown UIInterfaceOrientationLandscapeLeft UIInterfaceOrientationLandscapeRight";
				INFOPLIST_KEY_UISupportedInterfaceOrientations_iPhone = "UIInterfaceOrientationPortrait UIInterfaceOrientationLandscapeLeft UIInterfaceOrientationLandscapeRight";
				LD_RUNPATH_SEARCH_PATHS = (
					"$(inherited)",
					"@executable_path/Frameworks",
				);
				MARKETING_VERSION = 1.0;
				PRODUCT_BUNDLE_IDENTIFIER = com.rayy.asialife;
				PRODUCT_NAME = "$(TARGET_NAME)";
				SWIFT_EMIT_LOC_STRINGS = YES;
				SWIFT_VERSION = 5.0;
				TARGETED_DEVICE_FAMILY = "1,2";
			};
			name = Release;
		};
/* End XCBuildConfiguration section */

/* Begin XCConfigurationList section */
		9F47EE5927097E250036FD11 /* Build configuration list for PBXProject "asialife" */ = {
			isa = XCConfigurationList;
			buildConfigurations = (
				9F47EE7027097E270036FD11 /* Debug */,
				9F47EE7127097E270036FD11 /* Release */,
			);
			defaultConfigurationIsVisible = 0;
			defaultConfigurationName = Release;
		};
		9F47EE7227097E270036FD11 /* Build configuration list for PBXNativeTarget "asialife" */ = {
			isa = XCConfigurationList;
			buildConfigurations = (
				9F47EE7327097E270036FD11 /* Debug */,
				9F47EE7427097E270036FD11 /* Release */,
			);
			defaultConfigurationIsVisible = 0;
			defaultConfigurationName = Release;
		};
/* End XCConfigurationList section */
	};
	rootObject = 9F47EE5627097E250036FD11 /* Project object */;
}
